
Microsoft Visual Studio Solution File, Format Version 12.00
# Visual Studio 14
VisualStudioVersion = 14.0.25420.1
MinimumVisualStudioVersion = 10.0.40219.1
Project("{FAE04EC0-301F-11D3-BF4B-00C04F79EFBC}") = "Wheatech.Modulize.UnitTests", "tests\Wheatech.Modulize.UnitTests.csproj", "{6FA440E7-B2F4-4C5F-BC1F-0467A132CB52}"
EndProject
Project("{2150E333-8FDC-42A3-9474-1A3956D46DE8}") = "Core", "Core", "{1A208732-3359-4AA7-BFEF-F2333DB6E5F8}"
EndProject
Project("{FAE04EC0-301F-11D3-BF4B-00C04F79EFBC}") = "Wheatech.Modulize", "src\Wheatech.Modulize\Wheatech.Modulize.csproj", "{49336DF7-D12E-4945-9657-F44408A6EDCF}"
EndProject
Project("{FAE04EC0-301F-11D3-BF4B-00C04F79EFBC}") = "Wheatech.Modulize.SQLite", "src\Wheatech.Modulize.SQLite\Wheatech.Modulize.SQLite.csproj", "{C46D1927-61DC-4231-A8B3-11612349DD52}"
EndProject
Project("{D954291E-2A0B-460D-934E-DC6B0785DB48}") = "Wheatech.Modulize.PersistHelper", "src\Wheatech.Modulize.PersistHelper\Wheatech.Modulize.PersistHelper.shproj", "{28DF6970-3312-4DC2-8FFB-1EF21B32DCC2}"
EndProject
Project("{FAE04EC0-301F-11D3-BF4B-00C04F79EFBC}") = "Wheatech.Modulize.MySql", "src\Wheatech.Modulize.MySql\Wheatech.Modulize.MySql.csproj", "{C99951A7-C514-44AA-BE89-F3F4BAFFEDBB}"
EndProject
Project("{FAE04EC0-301F-11D3-BF4B-00C04F79EFBC}") = "Wheatech.Modulize.SqlServer", "src\Wheatech.Modulize.SqlServer\Wheatech.Modulize.SqlServer.csproj", "{D92E19E2-0EEB-4594-8BDD-810EB48499F8}"
EndProject
Project("{FAE04EC0-301F-11D3-BF4B-00C04F79EFBC}") = "Wheatech.Modulize.Npgsql", "src\Wheatech.Modulize.Npgsql\Wheatech.Modulize.Npgsql.csproj", "{5B29D8E9-EE57-4B3F-8E34-4F5EDEB0B363}"
EndProject
Project("{FAE04EC0-301F-11D3-BF4B-00C04F79EFBC}") = "Wheatech.Modulize.Firebird", "src\Wheatech.Modulize.Firebird\Wheatech.Modulize.Firebird.csproj", "{BBDB050E-98A0-47F4-8806-36413899167A}"
EndProject
Project("{2150E333-8FDC-42A3-9474-1A3956D46DE8}") = "Samples", "Samples", "{D5483D21-691B-4FA0-B142-E02E1247249B}"
EndProject
Project("{2150E333-8FDC-42A3-9474-1A3956D46DE8}") = "modules", "modules", "{E69E3F79-7ADD-40F3-9DC9-B4BFD67F4804}"
EndProject
Project("{2150E333-8FDC-42A3-9474-1A3956D46DE8}") = "platform", "platform", "{5F0B121E-DCCE-46D7-B984-41EDE6AD8314}"
EndProject
Project("{FAE04EC0-301F-11D3-BF4B-00C04F79EFBC}") = "Wheatech.Modulize.Samples.Platform.WebForms", "samples\platform\Wheatech.Modulize.Samples.Platform.WebForms\Wheatech.Modulize.Samples.Platform.WebForms.csproj", "{956D5634-0E8D-452A-A097-E0506D69364C}"
EndProject
Project("{FAE04EC0-301F-11D3-BF4B-00C04F79EFBC}") = "Wheatech.Modulize.Samples.Caching", "samples\modules\Wheatech.Modulize.Samples.Caching\Wheatech.Modulize.Samples.Caching.csproj", "{81DBD359-BFAD-4625-A276-F9B8AB5CC807}"
EndProject
Project("{2150E333-8FDC-42A3-9474-1A3956D46DE8}") = "settings", "settings", "{FF137302-1510-47DD-91E7-D728FDA93DF3}"
EndProject
Project("{FAE04EC0-301F-11D3-BF4B-00C04F79EFBC}") = "Wheatech.Modulize.Samples.Settings.Services", "samples\modules\settings\Wheatech.Modulize.Samples.Settings.Services\Wheatech.Modulize.Samples.Settings.Services.csproj", "{63526608-7904-43BB-A486-B234B4B9C13F}"
EndProject
Project("{FAE04EC0-301F-11D3-BF4B-00C04F79EFBC}") = "Wheatech.Modulize.Samples.Settings.Bootstrap", "samples\modules\settings\Wheatech.Modulize.Samples.Settings.Bootstrap\Wheatech.Modulize.Samples.Settings.Bootstrap.csproj", "{56AAD1A9-B3E1-4820-83F1-C8E1251A924F}"
EndProject
Project("{FAE04EC0-301F-11D3-BF4B-00C04F79EFBC}") = "Wheatech.Modulize.Samples.Platform.Services", "samples\platform\Wheatech.Modulize.Samples.Platform.Services\Wheatech.Modulize.Samples.Platform.Services.csproj", "{A07E68B9-6F17-45A4-81A8-5A77C368D1AE}"
EndProject
Project("{FAE04EC0-301F-11D3-BF4B-00C04F79EFBC}") = "Wheatech.Modulize.Samples.Platform.Common", "samples\platform\Wheatech.Modulize.Samples.Platform.Common\Wheatech.Modulize.Samples.Platform.Common.csproj", "{691346DD-015F-4177-852E-AF3237F818D9}"
EndProject
Project("{FAE04EC0-301F-11D3-BF4B-00C04F79EFBC}") = "Wheatech.Modulize.Web", "src\Wheatech.Modulize.Web\Wheatech.Modulize.Web.csproj", "{A1861BDD-0FA1-407B-987F-CB1E97E47A5E}"
EndProject
Project("{FAE04EC0-301F-11D3-BF4B-00C04F79EFBC}") = "Wheatech.Modulize.Samples.Settings.WebForms", "samples\platform\Wheatech.Modulize.Samples.Platform.WebForms\Modules\Settings\Wheatech.Modulize.Samples.Settings.WebForms.csproj", "{F71D4367-BD2D-4FF7-A9F4-51C4EED88AD7}"
EndProject
Project("{FAE04EC0-301F-11D3-BF4B-00C04F79EFBC}") = "Wheatech.Modulize.Samples.Platform.Mvc", "samples\platform\Wheatech.Modulize.Samples.Platform.Mvc\Wheatech.Modulize.Samples.Platform.Mvc.csproj", "{440B786B-EEB7-404E-81F7-6BB1139BE441}"
EndProject
Project("{FAE04EC0-301F-11D3-BF4B-00C04F79EFBC}") = "Wheatech.Modulize.Mvc", "src\Wheatech.Modulize.Mvc\Wheatech.Modulize.Mvc.csproj", "{72DF655D-0E0E-4829-AD97-D19734CBCD3F}"
EndProject
Project("{D954291E-2A0B-460D-934E-DC6B0785DB48}") = "Wheatech.Modulize.WebHelper", "src\Wheatech.Modulize.WebHelper\Wheatech.Modulize.WebHelper.shproj", "{B0F53CC3-199E-4AAE-82E9-8AC01A19FE26}"
EndProject
Project("{FAE04EC0-301F-11D3-BF4B-00C04F79EFBC}") = "Wheatech.Modulize.Samples.Settings.Mvc", "samples\platform\Wheatech.Modulize.Samples.Platform.Mvc\Modules\Settings\Wheatech.Modulize.Samples.Settings.Mvc.csproj", "{6297C6F0-3EE0-45EB-9DCC-797EA1F99F6D}"
EndProject
Project("{FAE04EC0-301F-11D3-BF4B-00C04F79EFBC}") = "Wheatech.Modulize.Web.Optimization", "src\Wheatech.Modulize.Web.Optimization\Wheatech.Modulize.Web.Optimization.csproj", "{D1D52519-81DF-4615-A6E2-5EF48DBB647B}"
EndProject
Global
	GlobalSection(SharedMSBuildProjectFiles) = preSolution
		src\Wheatech.Modulize.PersistHelper\Wheatech.Modulize.PersistHelper.projitems*{28df6970-3312-4dc2-8ffb-1ef21b32dcc2}*SharedItemsImports = 13
		src\Wheatech.Modulize.PersistHelper\Wheatech.Modulize.PersistHelper.projitems*{5b29d8e9-ee57-4b3f-8e34-4f5edeb0b363}*SharedItemsImports = 4
		src\Wheatech.Modulize.PersistHelper\Wheatech.Modulize.PersistHelper.projitems*{63526608-7904-43bb-a486-b234b4b9c13f}*SharedItemsImports = 4
		src\Wheatech.Modulize.PersistHelper\Wheatech.Modulize.PersistHelper.projitems*{6fa440e7-b2f4-4c5f-bc1f-0467a132cb52}*SharedItemsImports = 4
		src\Wheatech.Modulize.WebHelper\Wheatech.Modulize.WebHelper.projitems*{72df655d-0e0e-4829-ad97-d19734cbcd3f}*SharedItemsImports = 4
		src\Wheatech.Modulize.PersistHelper\Wheatech.Modulize.PersistHelper.projitems*{a07e68b9-6f17-45a4-81a8-5a77c368d1ae}*SharedItemsImports = 4
		src\Wheatech.Modulize.WebHelper\Wheatech.Modulize.WebHelper.projitems*{a1861bdd-0fa1-407b-987f-cb1e97e47a5e}*SharedItemsImports = 4
		src\Wheatech.Modulize.WebHelper\Wheatech.Modulize.WebHelper.projitems*{b0f53cc3-199e-4aae-82e9-8ac01a19fe26}*SharedItemsImports = 13
		src\Wheatech.Modulize.PersistHelper\Wheatech.Modulize.PersistHelper.projitems*{bbdb050e-98a0-47f4-8806-36413899167a}*SharedItemsImports = 4
		src\Wheatech.Modulize.PersistHelper\Wheatech.Modulize.PersistHelper.projitems*{c46d1927-61dc-4231-a8b3-11612349dd52}*SharedItemsImports = 4
		src\Wheatech.Modulize.PersistHelper\Wheatech.Modulize.PersistHelper.projitems*{c99951a7-c514-44aa-be89-f3f4baffedbb}*SharedItemsImports = 4
		src\Wheatech.Modulize.WebHelper\Wheatech.Modulize.WebHelper.projitems*{d1d52519-81df-4615-a6e2-5ef48dbb647b}*SharedItemsImports = 4
		src\Wheatech.Modulize.PersistHelper\Wheatech.Modulize.PersistHelper.projitems*{d92e19e2-0eeb-4594-8bdd-810eb48499f8}*SharedItemsImports = 4
	EndGlobalSection
	GlobalSection(SolutionConfigurationPlatforms) = preSolution
		Debug|Any CPU = Debug|Any CPU
		Release|Any CPU = Release|Any CPU
	EndGlobalSection
	GlobalSection(ProjectConfigurationPlatforms) = postSolution
		{6FA440E7-B2F4-4C5F-BC1F-0467A132CB52}.Debug|Any CPU.ActiveCfg = Debug|Any CPU
		{6FA440E7-B2F4-4C5F-BC1F-0467A132CB52}.Debug|Any CPU.Build.0 = Debug|Any CPU
		{6FA440E7-B2F4-4C5F-BC1F-0467A132CB52}.Release|Any CPU.ActiveCfg = Release|Any CPU
		{6FA440E7-B2F4-4C5F-BC1F-0467A132CB52}.Release|Any CPU.Build.0 = Release|Any CPU
		{49336DF7-D12E-4945-9657-F44408A6EDCF}.Debug|Any CPU.ActiveCfg = Debug|Any CPU
		{49336DF7-D12E-4945-9657-F44408A6EDCF}.Debug|Any CPU.Build.0 = Debug|Any CPU
		{49336DF7-D12E-4945-9657-F44408A6EDCF}.Release|Any CPU.ActiveCfg = Release|Any CPU
		{49336DF7-D12E-4945-9657-F44408A6EDCF}.Release|Any CPU.Build.0 = Release|Any CPU
		{C46D1927-61DC-4231-A8B3-11612349DD52}.Debug|Any CPU.ActiveCfg = Debug|Any CPU
		{C46D1927-61DC-4231-A8B3-11612349DD52}.Debug|Any CPU.Build.0 = Debug|Any CPU
		{C46D1927-61DC-4231-A8B3-11612349DD52}.Release|Any CPU.ActiveCfg = Release|Any CPU
		{C46D1927-61DC-4231-A8B3-11612349DD52}.Release|Any CPU.Build.0 = Release|Any CPU
		{C99951A7-C514-44AA-BE89-F3F4BAFFEDBB}.Debug|Any CPU.ActiveCfg = Debug|Any CPU
		{C99951A7-C514-44AA-BE89-F3F4BAFFEDBB}.Debug|Any CPU.Build.0 = Debug|Any CPU
		{C99951A7-C514-44AA-BE89-F3F4BAFFEDBB}.Release|Any CPU.ActiveCfg = Release|Any CPU
		{C99951A7-C514-44AA-BE89-F3F4BAFFEDBB}.Release|Any CPU.Build.0 = Release|Any CPU
		{D92E19E2-0EEB-4594-8BDD-810EB48499F8}.Debug|Any CPU.ActiveCfg = Debug|Any CPU
		{D92E19E2-0EEB-4594-8BDD-810EB48499F8}.Debug|Any CPU.Build.0 = Debug|Any CPU
		{D92E19E2-0EEB-4594-8BDD-810EB48499F8}.Release|Any CPU.ActiveCfg = Release|Any CPU
		{D92E19E2-0EEB-4594-8BDD-810EB48499F8}.Release|Any CPU.Build.0 = Release|Any CPU
		{5B29D8E9-EE57-4B3F-8E34-4F5EDEB0B363}.Debug|Any CPU.ActiveCfg = Debug|Any CPU
		{5B29D8E9-EE57-4B3F-8E34-4F5EDEB0B363}.Debug|Any CPU.Build.0 = Debug|Any CPU
		{5B29D8E9-EE57-4B3F-8E34-4F5EDEB0B363}.Release|Any CPU.ActiveCfg = Release|Any CPU
		{5B29D8E9-EE57-4B3F-8E34-4F5EDEB0B363}.Release|Any CPU.Build.0 = Release|Any CPU
		{BBDB050E-98A0-47F4-8806-36413899167A}.Debug|Any CPU.ActiveCfg = Debug|Any CPU
		{BBDB050E-98A0-47F4-8806-36413899167A}.Debug|Any CPU.Build.0 = Debug|Any CPU
		{BBDB050E-98A0-47F4-8806-36413899167A}.Release|Any CPU.ActiveCfg = Release|Any CPU
		{BBDB050E-98A0-47F4-8806-36413899167A}.Release|Any CPU.Build.0 = Release|Any CPU
		{956D5634-0E8D-452A-A097-E0506D69364C}.Debug|Any CPU.ActiveCfg = Debug|Any CPU
		{956D5634-0E8D-452A-A097-E0506D69364C}.Debug|Any CPU.Build.0 = Debug|Any CPU
		{956D5634-0E8D-452A-A097-E0506D69364C}.Release|Any CPU.ActiveCfg = Release|Any CPU
		{956D5634-0E8D-452A-A097-E0506D69364C}.Release|Any CPU.Build.0 = Release|Any CPU
		{81DBD359-BFAD-4625-A276-F9B8AB5CC807}.Debug|Any CPU.ActiveCfg = Debug|Any CPU
		{81DBD359-BFAD-4625-A276-F9B8AB5CC807}.Debug|Any CPU.Build.0 = Debug|Any CPU
		{81DBD359-BFAD-4625-A276-F9B8AB5CC807}.Release|Any CPU.ActiveCfg = Release|Any CPU
		{81DBD359-BFAD-4625-A276-F9B8AB5CC807}.Release|Any CPU.Build.0 = Release|Any CPU
		{63526608-7904-43BB-A486-B234B4B9C13F}.Debug|Any CPU.ActiveCfg = Debug|Any CPU
		{63526608-7904-43BB-A486-B234B4B9C13F}.Debug|Any CPU.Build.0 = Debug|Any CPU
		{63526608-7904-43BB-A486-B234B4B9C13F}.Release|Any CPU.ActiveCfg = Release|Any CPU
		{63526608-7904-43BB-A486-B234B4B9C13F}.Release|Any CPU.Build.0 = Release|Any CPU
		{56AAD1A9-B3E1-4820-83F1-C8E1251A924F}.Debug|Any CPU.ActiveCfg = Debug|Any CPU
		{56AAD1A9-B3E1-4820-83F1-C8E1251A924F}.Debug|Any CPU.Build.0 = Debug|Any CPU
		{56AAD1A9-B3E1-4820-83F1-C8E1251A924F}.Release|Any CPU.ActiveCfg = Release|Any CPU
		{56AAD1A9-B3E1-4820-83F1-C8E1251A924F}.Release|Any CPU.Build.0 = Release|Any CPU
		{A07E68B9-6F17-45A4-81A8-5A77C368D1AE}.Debug|Any CPU.ActiveCfg = Debug|Any CPU
		{A07E68B9-6F17-45A4-81A8-5A77C368D1AE}.Debug|Any CPU.Build.0 = Debug|Any CPU
		{A07E68B9-6F17-45A4-81A8-5A77C368D1AE}.Release|Any CPU.ActiveCfg = Release|Any CPU
		{A07E68B9-6F17-45A4-81A8-5A77C368D1AE}.Release|Any CPU.Build.0 = Release|Any CPU
		{691346DD-015F-4177-852E-AF3237F818D9}.Debug|Any CPU.ActiveCfg = Debug|Any CPU
		{691346DD-015F-4177-852E-AF3237F818D9}.Debug|Any CPU.Build.0 = Debug|Any CPU
		{691346DD-015F-4177-852E-AF3237F818D9}.Release|Any CPU.ActiveCfg = Release|Any CPU
		{691346DD-015F-4177-852E-AF3237F818D9}.Release|Any CPU.Build.0 = Release|Any CPU
		{A1861BDD-0FA1-407B-987F-CB1E97E47A5E}.Debug|Any CPU.ActiveCfg = Debug|Any CPU
		{A1861BDD-0FA1-407B-987F-CB1E97E47A5E}.Debug|Any CPU.Build.0 = Debug|Any CPU
		{A1861BDD-0FA1-407B-987F-CB1E97E47A5E}.Release|Any CPU.ActiveCfg = Release|Any CPU
		{A1861BDD-0FA1-407B-987F-CB1E97E47A5E}.Release|Any CPU.Build.0 = Release|Any CPU
		{F71D4367-BD2D-4FF7-A9F4-51C4EED88AD7}.Debug|Any CPU.ActiveCfg = Debug|Any CPU
		{F71D4367-BD2D-4FF7-A9F4-51C4EED88AD7}.Debug|Any CPU.Build.0 = Debug|Any CPU
		{F71D4367-BD2D-4FF7-A9F4-51C4EED88AD7}.Release|Any CPU.ActiveCfg = Release|Any CPU
		{F71D4367-BD2D-4FF7-A9F4-51C4EED88AD7}.Release|Any CPU.Build.0 = Release|Any CPU
		{440B786B-EEB7-404E-81F7-6BB1139BE441}.Debug|Any CPU.ActiveCfg = Debug|Any CPU
		{440B786B-EEB7-404E-81F7-6BB1139BE441}.Debug|Any CPU.Build.0 = Debug|Any CPU
		{440B786B-EEB7-404E-81F7-6BB1139BE441}.Release|Any CPU.ActiveCfg = Release|Any CPU
		{440B786B-EEB7-404E-81F7-6BB1139BE441}.Release|Any CPU.Build.0 = Release|Any CPU
		{72DF655D-0E0E-4829-AD97-D19734CBCD3F}.Debug|Any CPU.ActiveCfg = Debug|Any CPU
		{72DF655D-0E0E-4829-AD97-D19734CBCD3F}.Debug|Any CPU.Build.0 = Debug|Any CPU
		{72DF655D-0E0E-4829-AD97-D19734CBCD3F}.Release|Any CPU.ActiveCfg = Release|Any CPU
		{72DF655D-0E0E-4829-AD97-D19734CBCD3F}.Release|Any CPU.Build.0 = Release|Any CPU
		{6297C6F0-3EE0-45EB-9DCC-797EA1F99F6D}.Debug|Any CPU.ActiveCfg = Debug|Any CPU
		{6297C6F0-3EE0-45EB-9DCC-797EA1F99F6D}.Debug|Any CPU.Build.0 = Debug|Any CPU
		{6297C6F0-3EE0-45EB-9DCC-797EA1F99F6D}.Release|Any CPU.ActiveCfg = Release|Any CPU
		{6297C6F0-3EE0-45EB-9DCC-797EA1F99F6D}.Release|Any CPU.Build.0 = Release|Any CPU
		{D1D52519-81DF-4615-A6E2-5EF48DBB647B}.Debug|Any CPU.ActiveCfg = Debug|Any CPU
		{D1D52519-81DF-4615-A6E2-5EF48DBB647B}.Debug|Any CPU.Build.0 = Debug|Any CPU
		{D1D52519-81DF-4615-A6E2-5EF48DBB647B}.Release|Any CPU.ActiveCfg = Release|Any CPU
		{D1D52519-81DF-4615-A6E2-5EF48DBB647B}.Release|Any CPU.Build.0 = Release|Any CPU
	EndGlobalSection
	GlobalSection(SolutionProperties) = preSolution
		HideSolutionNode = FALSE
	EndGlobalSection
	GlobalSection(NestedProjects) = preSolution
		{49336DF7-D12E-4945-9657-F44408A6EDCF} = {1A208732-3359-4AA7-BFEF-F2333DB6E5F8}
		{C46D1927-61DC-4231-A8B3-11612349DD52} = {1A208732-3359-4AA7-BFEF-F2333DB6E5F8}
		{28DF6970-3312-4DC2-8FFB-1EF21B32DCC2} = {1A208732-3359-4AA7-BFEF-F2333DB6E5F8}
		{C99951A7-C514-44AA-BE89-F3F4BAFFEDBB} = {1A208732-3359-4AA7-BFEF-F2333DB6E5F8}
		{D92E19E2-0EEB-4594-8BDD-810EB48499F8} = {1A208732-3359-4AA7-BFEF-F2333DB6E5F8}
		{5B29D8E9-EE57-4B3F-8E34-4F5EDEB0B363} = {1A208732-3359-4AA7-BFEF-F2333DB6E5F8}
		{BBDB050E-98A0-47F4-8806-36413899167A} = {1A208732-3359-4AA7-BFEF-F2333DB6E5F8}
		{E69E3F79-7ADD-40F3-9DC9-B4BFD67F4804} = {D5483D21-691B-4FA0-B142-E02E1247249B}
		{5F0B121E-DCCE-46D7-B984-41EDE6AD8314} = {D5483D21-691B-4FA0-B142-E02E1247249B}
		{956D5634-0E8D-452A-A097-E0506D69364C} = {5F0B121E-DCCE-46D7-B984-41EDE6AD8314}
		{81DBD359-BFAD-4625-A276-F9B8AB5CC807} = {E69E3F79-7ADD-40F3-9DC9-B4BFD67F4804}
		{FF137302-1510-47DD-91E7-D728FDA93DF3} = {E69E3F79-7ADD-40F3-9DC9-B4BFD67F4804}
		{63526608-7904-43BB-A486-B234B4B9C13F} = {FF137302-1510-47DD-91E7-D728FDA93DF3}
		{56AAD1A9-B3E1-4820-83F1-C8E1251A924F} = {FF137302-1510-47DD-91E7-D728FDA93DF3}
		{A07E68B9-6F17-45A4-81A8-5A77C368D1AE} = {5F0B121E-DCCE-46D7-B984-41EDE6AD8314}
		{691346DD-015F-4177-852E-AF3237F818D9} = {5F0B121E-DCCE-46D7-B984-41EDE6AD8314}
		{A1861BDD-0FA1-407B-987F-CB1E97E47A5E} = {1A208732-3359-4AA7-BFEF-F2333DB6E5F8}
		{F71D4367-BD2D-4FF7-A9F4-51C4EED88AD7} = {FF137302-1510-47DD-91E7-D728FDA93DF3}
		{440B786B-EEB7-404E-81F7-6BB1139BE441} = {5F0B121E-DCCE-46D7-B984-41EDE6AD8314}
		{72DF655D-0E0E-4829-AD97-D19734CBCD3F} = {1A208732-3359-4AA7-BFEF-F2333DB6E5F8}
		{B0F53CC3-199E-4AAE-82E9-8AC01A19FE26} = {1A208732-3359-4AA7-BFEF-F2333DB6E5F8}
		{6297C6F0-3EE0-45EB-9DCC-797EA1F99F6D} = {FF137302-1510-47DD-91E7-D728FDA93DF3}
		{D1D52519-81DF-4615-A6E2-5EF48DBB647B} = {1A208732-3359-4AA7-BFEF-F2333DB6E5F8}
	EndGlobalSection
EndGlobal
