
Microsoft Visual Studio Solution File, Format Version 12.00
# Visual Studio 14
VisualStudioVersion = 14.0.25420.1
MinimumVisualStudioVersion = 10.0.40219.1
Project("{FAE04EC0-301F-11D3-BF4B-00C04F79EFBC}") = "Wheatech.Modulize.UnitTests", "tests\Wheatech.Modulize.UnitTests.csproj", "{6FA440E7-B2F4-4C5F-BC1F-0467A132CB52}"
EndProject
Project("{2150E333-8FDC-42A3-9474-1A3956D46DE8}") = "Core", "Core", "{1A208732-3359-4AA7-BFEF-F2333DB6E5F8}"
EndProject
Project("{FAE04EC0-301F-11D3-BF4B-00C04F79EFBC}") = "Wheatech.Modulize", "src\Wheatech.Modulize\Wheatech.Modulize.csproj", "{49336DF7-D12E-4945-9657-F44408A6EDCF}"
EndProject
Project("{FAE04EC0-301F-11D3-BF4B-00C04F79EFBC}") = "Wheatech.Modulize.SQLite", "src\Wheatech.Modulize.SQLite\Wheatech.Modulize.SQLite.csproj", "{C46D1927-61DC-4231-A8B3-11612349DD52}"
EndProject
Global
	GlobalSection(SolutionConfigurationPlatforms) = preSolution
		Debug|Any CPU = Debug|Any CPU
		Release|Any CPU = Release|Any CPU
	EndGlobalSection
	GlobalSection(ProjectConfigurationPlatforms) = postSolution
		{6FA440E7-B2F4-4C5F-BC1F-0467A132CB52}.Debug|Any CPU.ActiveCfg = Debug|Any CPU
		{6FA440E7-B2F4-4C5F-BC1F-0467A132CB52}.Debug|Any CPU.Build.0 = Debug|Any CPU
		{6FA440E7-B2F4-4C5F-BC1F-0467A132CB52}.Release|Any CPU.ActiveCfg = Release|Any CPU
		{6FA440E7-B2F4-4C5F-BC1F-0467A132CB52}.Release|Any CPU.Build.0 = Release|Any CPU
		{49336DF7-D12E-4945-9657-F44408A6EDCF}.Debug|Any CPU.ActiveCfg = Debug|Any CPU
		{49336DF7-D12E-4945-9657-F44408A6EDCF}.Debug|Any CPU.Build.0 = Debug|Any CPU
		{49336DF7-D12E-4945-9657-F44408A6EDCF}.Release|Any CPU.ActiveCfg = Release|Any CPU
		{49336DF7-D12E-4945-9657-F44408A6EDCF}.Release|Any CPU.Build.0 = Release|Any CPU
		{C46D1927-61DC-4231-A8B3-11612349DD52}.Debug|Any CPU.ActiveCfg = Debug|Any CPU
		{C46D1927-61DC-4231-A8B3-11612349DD52}.Debug|Any CPU.Build.0 = Debug|Any CPU
		{C46D1927-61DC-4231-A8B3-11612349DD52}.Release|Any CPU.ActiveCfg = Release|Any CPU
		{C46D1927-61DC-4231-A8B3-11612349DD52}.Release|Any CPU.Build.0 = Release|Any CPU
	EndGlobalSection
	GlobalSection(SolutionProperties) = preSolution
		HideSolutionNode = FALSE
	EndGlobalSection
	GlobalSection(NestedProjects) = preSolution
		{49336DF7-D12E-4945-9657-F44408A6EDCF} = {1A208732-3359-4AA7-BFEF-F2333DB6E5F8}
		{C46D1927-61DC-4231-A8B3-11612349DD52} = {1A208732-3359-4AA7-BFEF-F2333DB6E5F8}
	EndGlobalSection
EndGlobal
