
Microsoft Visual Studio Solution File, Format Version 12.00
# Visual Studio 14
VisualStudioVersion = 14.0.25420.1
MinimumVisualStudioVersion = 10.0.40219.1
Project("{FAE04EC0-301F-11D3-BF4B-00C04F79EFBC}") = "Wheatech.Modulize.UnitTests", "tests\Wheatech.Modulize.UnitTests.csproj", "{6FA440E7-B2F4-4C5F-BC1F-0467A132CB52}"
EndProject
Project("{2150E333-8FDC-42A3-9474-1A3956D46DE8}") = "Core", "Core", "{1A208732-3359-4AA7-BFEF-F2333DB6E5F8}"
EndProject
Project("{FAE04EC0-301F-11D3-BF4B-00C04F79EFBC}") = "Wheatech.Modulize", "src\Wheatech.Modulize\Wheatech.Modulize.csproj", "{49336DF7-D12E-4945-9657-F44408A6EDCF}"
EndProject
Project("{FAE04EC0-301F-11D3-BF4B-00C04F79EFBC}") = "Wheatech.Modulize.SQLite", "src\Wheatech.Modulize.SQLite\Wheatech.Modulize.SQLite.csproj", "{C46D1927-61DC-4231-A8B3-11612349DD52}"
EndProject
Project("{D954291E-2A0B-460D-934E-DC6B0785DB48}") = "Wheatech.Modulize.PersistHelper", "src\Wheatech.Modulize.PersistHelper\Wheatech.Modulize.PersistHelper.shproj", "{28DF6970-3312-4DC2-8FFB-1EF21B32DCC2}"
EndProject
Project("{FAE04EC0-301F-11D3-BF4B-00C04F79EFBC}") = "Wheatech.Modulize.MySql", "src\Wheatech.Modulize.MySql\Wheatech.Modulize.MySql.csproj", "{C99951A7-C514-44AA-BE89-F3F4BAFFEDBB}"
EndProject
Project("{FAE04EC0-301F-11D3-BF4B-00C04F79EFBC}") = "Wheatech.Modulize.SqlServer", "src\Wheatech.Modulize.SqlServer\Wheatech.Modulize.SqlServer.csproj", "{D92E19E2-0EEB-4594-8BDD-810EB48499F8}"
EndProject
Project("{FAE04EC0-301F-11D3-BF4B-00C04F79EFBC}") = "Wheatech.Modulize.Npgsql", "src\Wheatech.Modulize.Npgsql\Wheatech.Modulize.Npgsql.csproj", "{5B29D8E9-EE57-4B3F-8E34-4F5EDEB0B363}"
EndProject
Project("{FAE04EC0-301F-11D3-BF4B-00C04F79EFBC}") = "Wheatech.Modulize.Firebird", "src\Wheatech.Modulize.Firebird\Wheatech.Modulize.Firebird.csproj", "{BBDB050E-98A0-47F4-8806-36413899167A}"
EndProject
Project("{2150E333-8FDC-42A3-9474-1A3956D46DE8}") = "Samples", "Samples", "{D5483D21-691B-4FA0-B142-E02E1247249B}"
EndProject
Project("{2150E333-8FDC-42A3-9474-1A3956D46DE8}") = "modules", "modules", "{E69E3F79-7ADD-40F3-9DC9-B4BFD67F4804}"
EndProject
Project("{2150E333-8FDC-42A3-9474-1A3956D46DE8}") = "platform", "platform", "{5F0B121E-DCCE-46D7-B984-41EDE6AD8314}"
EndProject
Project("{FAE04EC0-301F-11D3-BF4B-00C04F79EFBC}") = "Wheatech.Modulize.Samples.Platform.WebForms", "samples\platform\Wheatech.Modulize.Samples.Platform.WebForms\Wheatech.Modulize.Samples.Platform.WebForms.csproj", "{956D5634-0E8D-452A-A097-E0506D69364C}"
EndProject
Project("{FAE04EC0-301F-11D3-BF4B-00C04F79EFBC}") = "Wheatech.Modulize.Samples.Caching", "samples\modules\Wheatech.Modulize.Samples.Caching\Wheatech.Modulize.Samples.Caching.csproj", "{81DBD359-BFAD-4625-A276-F9B8AB5CC807}"
EndProject
Global
	GlobalSection(SharedMSBuildProjectFiles) = preSolution
		src\Wheatech.Modulize.PersistHelper\Wheatech.Modulize.PersistHelper.projitems*{28df6970-3312-4dc2-8ffb-1ef21b32dcc2}*SharedItemsImports = 13
		src\Wheatech.Modulize.PersistHelper\Wheatech.Modulize.PersistHelper.projitems*{5b29d8e9-ee57-4b3f-8e34-4f5edeb0b363}*SharedItemsImports = 4
		src\Wheatech.Modulize.PersistHelper\Wheatech.Modulize.PersistHelper.projitems*{6fa440e7-b2f4-4c5f-bc1f-0467a132cb52}*SharedItemsImports = 4
		src\Wheatech.Modulize.PersistHelper\Wheatech.Modulize.PersistHelper.projitems*{bbdb050e-98a0-47f4-8806-36413899167a}*SharedItemsImports = 4
		src\Wheatech.Modulize.PersistHelper\Wheatech.Modulize.PersistHelper.projitems*{c46d1927-61dc-4231-a8b3-11612349dd52}*SharedItemsImports = 4
		src\Wheatech.Modulize.PersistHelper\Wheatech.Modulize.PersistHelper.projitems*{c99951a7-c514-44aa-be89-f3f4baffedbb}*SharedItemsImports = 4
		src\Wheatech.Modulize.PersistHelper\Wheatech.Modulize.PersistHelper.projitems*{d92e19e2-0eeb-4594-8bdd-810eb48499f8}*SharedItemsImports = 4
	EndGlobalSection
	GlobalSection(SolutionConfigurationPlatforms) = preSolution
		Debug|Any CPU = Debug|Any CPU
		Release|Any CPU = Release|Any CPU
	EndGlobalSection
	GlobalSection(ProjectConfigurationPlatforms) = postSolution
		{6FA440E7-B2F4-4C5F-BC1F-0467A132CB52}.Debug|Any CPU.ActiveCfg = Debug|Any CPU
		{6FA440E7-B2F4-4C5F-BC1F-0467A132CB52}.Debug|Any CPU.Build.0 = Debug|Any CPU
		{6FA440E7-B2F4-4C5F-BC1F-0467A132CB52}.Release|Any CPU.ActiveCfg = Release|Any CPU
		{6FA440E7-B2F4-4C5F-BC1F-0467A132CB52}.Release|Any CPU.Build.0 = Release|Any CPU
		{49336DF7-D12E-4945-9657-F44408A6EDCF}.Debug|Any CPU.ActiveCfg = Debug|Any CPU
		{49336DF7-D12E-4945-9657-F44408A6EDCF}.Debug|Any CPU.Build.0 = Debug|Any CPU
		{49336DF7-D12E-4945-9657-F44408A6EDCF}.Release|Any CPU.ActiveCfg = Release|Any CPU
		{49336DF7-D12E-4945-9657-F44408A6EDCF}.Release|Any CPU.Build.0 = Release|Any CPU
		{C46D1927-61DC-4231-A8B3-11612349DD52}.Debug|Any CPU.ActiveCfg = Debug|Any CPU
		{C46D1927-61DC-4231-A8B3-11612349DD52}.Debug|Any CPU.Build.0 = Debug|Any CPU
		{C46D1927-61DC-4231-A8B3-11612349DD52}.Release|Any CPU.ActiveCfg = Release|Any CPU
		{C46D1927-61DC-4231-A8B3-11612349DD52}.Release|Any CPU.Build.0 = Release|Any CPU
		{C99951A7-C514-44AA-BE89-F3F4BAFFEDBB}.Debug|Any CPU.ActiveCfg = Debug|Any CPU
		{C99951A7-C514-44AA-BE89-F3F4BAFFEDBB}.Debug|Any CPU.Build.0 = Debug|Any CPU
		{C99951A7-C514-44AA-BE89-F3F4BAFFEDBB}.Release|Any CPU.ActiveCfg = Release|Any CPU
		{C99951A7-C514-44AA-BE89-F3F4BAFFEDBB}.Release|Any CPU.Build.0 = Release|Any CPU
		{D92E19E2-0EEB-4594-8BDD-810EB48499F8}.Debug|Any CPU.ActiveCfg = Debug|Any CPU
		{D92E19E2-0EEB-4594-8BDD-810EB48499F8}.Debug|Any CPU.Build.0 = Debug|Any CPU
		{D92E19E2-0EEB-4594-8BDD-810EB48499F8}.Release|Any CPU.ActiveCfg = Release|Any CPU
		{D92E19E2-0EEB-4594-8BDD-810EB48499F8}.Release|Any CPU.Build.0 = Release|Any CPU
		{5B29D8E9-EE57-4B3F-8E34-4F5EDEB0B363}.Debug|Any CPU.ActiveCfg = Debug|Any CPU
		{5B29D8E9-EE57-4B3F-8E34-4F5EDEB0B363}.Debug|Any CPU.Build.0 = Debug|Any CPU
		{5B29D8E9-EE57-4B3F-8E34-4F5EDEB0B363}.Release|Any CPU.ActiveCfg = Release|Any CPU
		{5B29D8E9-EE57-4B3F-8E34-4F5EDEB0B363}.Release|Any CPU.Build.0 = Release|Any CPU
		{BBDB050E-98A0-47F4-8806-36413899167A}.Debug|Any CPU.ActiveCfg = Debug|Any CPU
		{BBDB050E-98A0-47F4-8806-36413899167A}.Debug|Any CPU.Build.0 = Debug|Any CPU
		{BBDB050E-98A0-47F4-8806-36413899167A}.Release|Any CPU.ActiveCfg = Release|Any CPU
		{BBDB050E-98A0-47F4-8806-36413899167A}.Release|Any CPU.Build.0 = Release|Any CPU
		{956D5634-0E8D-452A-A097-E0506D69364C}.Debug|Any CPU.ActiveCfg = Debug|Any CPU
		{956D5634-0E8D-452A-A097-E0506D69364C}.Debug|Any CPU.Build.0 = Debug|Any CPU
		{956D5634-0E8D-452A-A097-E0506D69364C}.Release|Any CPU.ActiveCfg = Release|Any CPU
		{956D5634-0E8D-452A-A097-E0506D69364C}.Release|Any CPU.Build.0 = Release|Any CPU
		{81DBD359-BFAD-4625-A276-F9B8AB5CC807}.Debug|Any CPU.ActiveCfg = Debug|Any CPU
		{81DBD359-BFAD-4625-A276-F9B8AB5CC807}.Debug|Any CPU.Build.0 = Debug|Any CPU
		{81DBD359-BFAD-4625-A276-F9B8AB5CC807}.Release|Any CPU.ActiveCfg = Release|Any CPU
		{81DBD359-BFAD-4625-A276-F9B8AB5CC807}.Release|Any CPU.Build.0 = Release|Any CPU
	EndGlobalSection
	GlobalSection(SolutionProperties) = preSolution
		HideSolutionNode = FALSE
	EndGlobalSection
	GlobalSection(NestedProjects) = preSolution
		{49336DF7-D12E-4945-9657-F44408A6EDCF} = {1A208732-3359-4AA7-BFEF-F2333DB6E5F8}
		{C46D1927-61DC-4231-A8B3-11612349DD52} = {1A208732-3359-4AA7-BFEF-F2333DB6E5F8}
		{28DF6970-3312-4DC2-8FFB-1EF21B32DCC2} = {1A208732-3359-4AA7-BFEF-F2333DB6E5F8}
		{C99951A7-C514-44AA-BE89-F3F4BAFFEDBB} = {1A208732-3359-4AA7-BFEF-F2333DB6E5F8}
		{D92E19E2-0EEB-4594-8BDD-810EB48499F8} = {1A208732-3359-4AA7-BFEF-F2333DB6E5F8}
		{5B29D8E9-EE57-4B3F-8E34-4F5EDEB0B363} = {1A208732-3359-4AA7-BFEF-F2333DB6E5F8}
		{BBDB050E-98A0-47F4-8806-36413899167A} = {1A208732-3359-4AA7-BFEF-F2333DB6E5F8}
		{E69E3F79-7ADD-40F3-9DC9-B4BFD67F4804} = {D5483D21-691B-4FA0-B142-E02E1247249B}
		{5F0B121E-DCCE-46D7-B984-41EDE6AD8314} = {D5483D21-691B-4FA0-B142-E02E1247249B}
		{956D5634-0E8D-452A-A097-E0506D69364C} = {5F0B121E-DCCE-46D7-B984-41EDE6AD8314}
		{81DBD359-BFAD-4625-A276-F9B8AB5CC807} = {E69E3F79-7ADD-40F3-9DC9-B4BFD67F4804}
	EndGlobalSection
EndGlobal
